{
    "requires": true,
    "lockfileVersion": 1,
    "dependencies": {
        "requirejs": {
            "version": "2.3.6",
            "resolved": "https://registry.npm.taobao.org/requirejs/download/requirejs-2.3.6.tgz",
            "integrity": "sha1-5Qk9lgHCgpJRJYwLlEXU0Z+p58k="
        }
    }
}
